<?xml version="1.0" encoding="utf-8"?>
<Project ToolsVersion="4.0" xmlns="http://schemas.microsoft.com/developer/msbuild/2003">
  <ItemGroup>
    <Filter Include="Source Files">
      <UniqueIdentifier>{4FC737F1-C7A5-4376-A066-2A32D752A2FF}</UniqueIdentifier>
      <Extensions>cpp;c;cc;cxx;c++;def;odl;idl;hpj;bat;asm;asmx</Extensions>
    </Filter>
    <Filter Include="Header Files">
      <UniqueIdentifier>{93995380-89BD-4b04-88EB-625FBE52EBFB}</UniqueIdentifier>
      <Extensions>h;hh;hpp;hxx;h++;hm;inl;inc;ipp;xsd</Extensions>
    </Filter>
    <Filter Include="Resource Files">
      <UniqueIdentifier>{67DA6AB6-F800-4c08-8B7A-83BB121AAD01}</UniqueIdentifier>
      <Extensions>rc;ico;cur;bmp;dlg;rc2;rct;bin;rgs;gif;jpg;jpeg;jpe;resx;tiff;tif;png;wav;mfcribbon-ms</Extensions>
    </Filter>
    <Filter Include="Header Files\Window">
      <UniqueIdentifier>{31a4cec6-c17b-4090-9ad2-ee22a96b9939}</UniqueIdentifier>
    </Filter>
    <Filter Include="Header Files\Room">
      <UniqueIdentifier>{fc3e15a6-d4a1-442b-a4b1-2df837b921fa}</UniqueIdentifier>
    </Filter>
    <Filter Include="Source Files\Room.cpp">
      <UniqueIdentifier>{ce0b38bc-b4d2-4cae-909a-87be09ed24f1}</UniqueIdentifier>
    </Filter>
    <Filter Include="Source Files\Window.cpp">
      <UniqueIdentifier>{7ef29498-6006-447a-b3d2-3c3fe0350433}</UniqueIdentifier>
    </Filter>
    <Filter Include="Header Files\Tile">
      <UniqueIdentifier>{a3a497a3-84ab-4c30-9869-7ba1d2157355}</UniqueIdentifier>
    </Filter>
    <Filter Include="Source Files\Tile">
      <UniqueIdentifier>{9630b236-bdb7-4428-8a9a-54cf54258a82}</UniqueIdentifier>
    </Filter>
  </ItemGroup>
  <ItemGroup>
    <ClCompile Include="TileCalculation.cpp">
      <Filter>Source Files</Filter>
    </ClCompile>
    <ClCompile Include="MenuWidget.cpp">
      <Filter>Source Files\Window.cpp</Filter>
    </ClCompile>
    <ClCompile Include="MainAppWindow.cpp">
      <Filter>Source Files</Filter>
    </ClCompile>
    <ClCompile Include="RoomInputWidget.cpp">
      <Filter>Source Files\Room.cpp</Filter>
    </ClCompile>
    <ClCompile Include="TileInputWidgets.cpp">
      <Filter>Source Files\Tile</Filter>
    </ClCompile>
    <ClCompile Include="Buttons.cpp">
      <Filter>Source Files\Window.cpp</Filter>
    </ClCompile>
    <ClCompile Include="ResultWidgets.cpp">
      <Filter>Source Files\Window.cpp</Filter>
    </ClCompile>
    <ClCompile Include="RoomGL_Window.cpp">
      <Filter>Source Files\Window.cpp</Filter>
    </ClCompile>
    <ClCompile Include="Room.cpp">
      <Filter>Source Files\Room.cpp</Filter>
    </ClCompile>
    <ClCompile Include="Tile.cpp">
      <Filter>Source Files\Tile</Filter>
    </ClCompile>
    <ClCompile Include="BusinessRules.cpp">
      <Filter>Source Files</Filter>
    </ClCompile>
  </ItemGroup>
  <ItemGroup>
    <ResourceCompile Include="TileCalculation.rc">
      <Filter>Resource Files</Filter>
    </ResourceCompile>
  </ItemGroup>
  <ItemGroup>
    <ClInclude Include="MenuWidget.h">
      <Filter>Header Files\Window</Filter>
    </ClInclude>
    <ClInclude Include="MainAppWindow.h">
      <Filter>Header Files</Filter>
    </ClInclude>
    <ClInclude Include="RoomInputWidget.h">
      <Filter>Header Files\Room</Filter>
    </ClInclude>
    <ClInclude Include="TileInputWidgets.h">
      <Filter>Header Files\Tile</Filter>
    </ClInclude>
    <ClInclude Include="Buttons.h">
      <Filter>Header Files\Window</Filter>
    </ClInclude>
    <ClInclude Include="ResultWidgets.h">
      <Filter>Header Files\Window</Filter>
    </ClInclude>
    <ClInclude Include="RoomGL_Window.h">
      <Filter>Header Files\Window</Filter>
    </ClInclude>
    <ClInclude Include="Room.h">
      <Filter>Header Files\Room</Filter>
    </ClInclude>
    <ClInclude Include="Tile.h">
      <Filter>Header Files\Tile</Filter>
    </ClInclude>
    <ClInclude Include="BusinessRules.h">
      <Filter>Header Files</Filter>
    </ClInclude>
  </ItemGroup>
</Project>